{
  "name": "grunt-idea-project-builder",
  "version": "0.0.9",
  "dependencies": {
    "flash-build-api": {
      "version": "0.0.9",
      "dependencies": {
        "node-expat": {
          "version": "2.0.0"
        },
        "xmldom": {
          "version": "0.1.16"
        }
      }
    },
    "xtend": {
      "version": "2.0.3"
    },
    "glob": {
      "version": "3.1.21",
      "dependencies": {
        "minimatch": {
          "version": "0.2.12",
          "dependencies": {
            "lru-cache": {
              "version": "2.3.0"
            },
            "sigmund": {
              "version": "1.0.0"
            }
          }
        },
        "graceful-fs": {
          "version": "1.2.1"
        },
        "inherits": {
          "version": "1.0.0"
        }
      }
    },
    "async": {
      "version": "0.2.8"
    },
    "coffee-script": {
      "version": "1.6.2"
    },
    "should": {
      "version": "1.2.2"
    },
    "mocha": {
      "version": "1.9.0",
      "dependencies": {
        "commander": {
          "version": "0.6.1"
        },
        "growl": {
          "version": "1.7.0"
        },
        "jade": {
          "version": "0.26.3",
          "dependencies": {
            "mkdirp": {
              "version": "0.3.0"
            }
          }
        },
        "diff": {
          "version": "1.0.2"
        },
        "debug": {
          "version": "0.7.2"
        },
        "mkdirp": {
          "version": "0.3.3"
        },
        "ms": {
          "version": "0.3.0"
        }
      }
    }
  }
}
